
Microsoft Visual Studio Solution File, Format Version 12.00
# Visual Studio Version 17
VisualStudioVersion = 17.0.31903.59
MinimumVisualStudioVersion = 10.0.40219.1
Project("{FAE04EC0-301F-11D3-BF4B-00C04F79EFBC}") = "task13", "task13\task13.csproj", "{BA6BCDAF-2E43-418A-A3C8-534E938C0159}"
EndProject
Project("{FAE04EC0-301F-11D3-BF4B-00C04F79EFBC}") = "task13tests", "task13tests\task13tests.csproj", "{0D52FE86-F90C-4733-8CD2-72B3F7C05AB9}"
EndProject
Global
	GlobalSection(SolutionConfigurationPlatforms) = preSolution
		Debug|Any CPU = Debug|Any CPU
		Debug|x64 = Debug|x64
		Debug|x86 = Debug|x86
		Release|Any CPU = Release|Any CPU
		Release|x64 = Release|x64
		Release|x86 = Release|x86
	EndGlobalSection
	GlobalSection(ProjectConfigurationPlatforms) = postSolution
		{BA6BCDAF-2E43-418A-A3C8-534E938C0159}.Debug|Any CPU.ActiveCfg = Debug|Any CPU
		{BA6BCDAF-2E43-418A-A3C8-534E938C0159}.Debug|Any CPU.Build.0 = Debug|Any CPU
		{BA6BCDAF-2E43-418A-A3C8-534E938C0159}.Debug|x64.ActiveCfg = Debug|Any CPU
		{BA6BCDAF-2E43-418A-A3C8-534E938C0159}.Debug|x64.Build.0 = Debug|Any CPU
		{BA6BCDAF-2E43-418A-A3C8-534E938C0159}.Debug|x86.ActiveCfg = Debug|Any CPU
		{BA6BCDAF-2E43-418A-A3C8-534E938C0159}.Debug|x86.Build.0 = Debug|Any CPU
		{BA6BCDAF-2E43-418A-A3C8-534E938C0159}.Release|Any CPU.ActiveCfg = Release|Any CPU
		{BA6BCDAF-2E43-418A-A3C8-534E938C0159}.Release|Any CPU.Build.0 = Release|Any CPU
		{BA6BCDAF-2E43-418A-A3C8-534E938C0159}.Release|x64.ActiveCfg = Release|Any CPU
		{BA6BCDAF-2E43-418A-A3C8-534E938C0159}.Release|x64.Build.0 = Release|Any CPU
		{BA6BCDAF-2E43-418A-A3C8-534E938C0159}.Release|x86.ActiveCfg = Release|Any CPU
		{BA6BCDAF-2E43-418A-A3C8-534E938C0159}.Release|x86.Build.0 = Release|Any CPU
		{0D52FE86-F90C-4733-8CD2-72B3F7C05AB9}.Debug|Any CPU.ActiveCfg = Debug|Any CPU
		{0D52FE86-F90C-4733-8CD2-72B3F7C05AB9}.Debug|Any CPU.Build.0 = Debug|Any CPU
		{0D52FE86-F90C-4733-8CD2-72B3F7C05AB9}.Debug|x64.ActiveCfg = Debug|Any CPU
		{0D52FE86-F90C-4733-8CD2-72B3F7C05AB9}.Debug|x64.Build.0 = Debug|Any CPU
		{0D52FE86-F90C-4733-8CD2-72B3F7C05AB9}.Debug|x86.ActiveCfg = Debug|Any CPU
		{0D52FE86-F90C-4733-8CD2-72B3F7C05AB9}.Debug|x86.Build.0 = Debug|Any CPU
		{0D52FE86-F90C-4733-8CD2-72B3F7C05AB9}.Release|Any CPU.ActiveCfg = Release|Any CPU
		{0D52FE86-F90C-4733-8CD2-72B3F7C05AB9}.Release|Any CPU.Build.0 = Release|Any CPU
		{0D52FE86-F90C-4733-8CD2-72B3F7C05AB9}.Release|x64.ActiveCfg = Release|Any CPU
		{0D52FE86-F90C-4733-8CD2-72B3F7C05AB9}.Release|x64.Build.0 = Release|Any CPU
		{0D52FE86-F90C-4733-8CD2-72B3F7C05AB9}.Release|x86.ActiveCfg = Release|Any CPU
		{0D52FE86-F90C-4733-8CD2-72B3F7C05AB9}.Release|x86.Build.0 = Release|Any CPU
	EndGlobalSection
	GlobalSection(SolutionProperties) = preSolution
		HideSolutionNode = FALSE
	EndGlobalSection
EndGlobal
