
Microsoft Visual Studio Solution File, Format Version 12.00
# Visual Studio Version 17
VisualStudioVersion = 17.0.31903.59
MinimumVisualStudioVersion = 10.0.40219.1
Project("{FAE04EC0-301F-11D3-BF4B-00C04F79EFBC}") = "task04", "task04\task04.csproj", "{08968E41-8AA2-4DFF-A1BF-B27AE3B4E1FB}"
EndProject
Project("{FAE04EC0-301F-11D3-BF4B-00C04F79EFBC}") = "task04tests", "task04tests\task04tests.csproj", "{AC04F967-47E8-40FA-80EC-8A450C367E8A}"
EndProject
Global
	GlobalSection(SolutionConfigurationPlatforms) = preSolution
		Debug|Any CPU = Debug|Any CPU
		Debug|x64 = Debug|x64
		Debug|x86 = Debug|x86
		Release|Any CPU = Release|Any CPU
		Release|x64 = Release|x64
		Release|x86 = Release|x86
	EndGlobalSection
	GlobalSection(ProjectConfigurationPlatforms) = postSolution
		{08968E41-8AA2-4DFF-A1BF-B27AE3B4E1FB}.Debug|Any CPU.ActiveCfg = Debug|Any CPU
		{08968E41-8AA2-4DFF-A1BF-B27AE3B4E1FB}.Debug|Any CPU.Build.0 = Debug|Any CPU
		{08968E41-8AA2-4DFF-A1BF-B27AE3B4E1FB}.Debug|x64.ActiveCfg = Debug|Any CPU
		{08968E41-8AA2-4DFF-A1BF-B27AE3B4E1FB}.Debug|x64.Build.0 = Debug|Any CPU
		{08968E41-8AA2-4DFF-A1BF-B27AE3B4E1FB}.Debug|x86.ActiveCfg = Debug|Any CPU
		{08968E41-8AA2-4DFF-A1BF-B27AE3B4E1FB}.Debug|x86.Build.0 = Debug|Any CPU
		{08968E41-8AA2-4DFF-A1BF-B27AE3B4E1FB}.Release|Any CPU.ActiveCfg = Release|Any CPU
		{08968E41-8AA2-4DFF-A1BF-B27AE3B4E1FB}.Release|Any CPU.Build.0 = Release|Any CPU
		{08968E41-8AA2-4DFF-A1BF-B27AE3B4E1FB}.Release|x64.ActiveCfg = Release|Any CPU
		{08968E41-8AA2-4DFF-A1BF-B27AE3B4E1FB}.Release|x64.Build.0 = Release|Any CPU
		{08968E41-8AA2-4DFF-A1BF-B27AE3B4E1FB}.Release|x86.ActiveCfg = Release|Any CPU
		{08968E41-8AA2-4DFF-A1BF-B27AE3B4E1FB}.Release|x86.Build.0 = Release|Any CPU
		{AC04F967-47E8-40FA-80EC-8A450C367E8A}.Debug|Any CPU.ActiveCfg = Debug|Any CPU
		{AC04F967-47E8-40FA-80EC-8A450C367E8A}.Debug|Any CPU.Build.0 = Debug|Any CPU
		{AC04F967-47E8-40FA-80EC-8A450C367E8A}.Debug|x64.ActiveCfg = Debug|Any CPU
		{AC04F967-47E8-40FA-80EC-8A450C367E8A}.Debug|x64.Build.0 = Debug|Any CPU
		{AC04F967-47E8-40FA-80EC-8A450C367E8A}.Debug|x86.ActiveCfg = Debug|Any CPU
		{AC04F967-47E8-40FA-80EC-8A450C367E8A}.Debug|x86.Build.0 = Debug|Any CPU
		{AC04F967-47E8-40FA-80EC-8A450C367E8A}.Release|Any CPU.ActiveCfg = Release|Any CPU
		{AC04F967-47E8-40FA-80EC-8A450C367E8A}.Release|Any CPU.Build.0 = Release|Any CPU
		{AC04F967-47E8-40FA-80EC-8A450C367E8A}.Release|x64.ActiveCfg = Release|Any CPU
		{AC04F967-47E8-40FA-80EC-8A450C367E8A}.Release|x64.Build.0 = Release|Any CPU
		{AC04F967-47E8-40FA-80EC-8A450C367E8A}.Release|x86.ActiveCfg = Release|Any CPU
		{AC04F967-47E8-40FA-80EC-8A450C367E8A}.Release|x86.Build.0 = Release|Any CPU
	EndGlobalSection
	GlobalSection(SolutionProperties) = preSolution
		HideSolutionNode = FALSE
	EndGlobalSection
EndGlobal
